
Microsoft Visual Studio Solution File, Format Version 12.00
# Visual Studio 15
VisualStudioVersion = 15.0.27428.2015
MinimumVisualStudioVersion = 10.0.40219.1
Project("{FAE04EC0-301F-11D3-BF4B-00C04F79EFBC}") = "ApplicationProj", "TestApp\ApplicationProj.csproj", "{460C109A-9D66-427F-82E3-3E309B673BCF}"
EndProject
Global
	GlobalSection(SolutionConfigurationPlatforms) = preSolution
		Debug|Any CPU = Debug|Any CPU
		Release|Any CPU = Release|Any CPU
	EndGlobalSection
	GlobalSection(ProjectConfigurationPlatforms) = postSolution
		{460C109A-9D66-427F-82E3-3E309B673BCF}.Debug|Any CPU.ActiveCfg = Debug|Any CPU
		{460C109A-9D66-427F-82E3-3E309B673BCF}.Debug|Any CPU.Build.0 = Debug|Any CPU
		{460C109A-9D66-427F-82E3-3E309B673BCF}.Release|Any CPU.ActiveCfg = Release|Any CPU
		{460C109A-9D66-427F-82E3-3E309B673BCF}.Release|Any CPU.Build.0 = Release|Any CPU
	EndGlobalSection
	GlobalSection(SolutionProperties) = preSolution
		HideSolutionNode = FALSE
	EndGlobalSection
	GlobalSection(ExtensibilityGlobals) = postSolution
		SolutionGuid = {E0CF8D0C-D215-4004-9755-0D81ACE11689}
	EndGlobalSection
EndGlobal
